
Microsoft Visual Studio Solution File, Format Version 12.00
# Visual Studio 15
VisualStudioVersion = 15.0.28307.1000
MinimumVisualStudioVersion = 10.0.40219.1
Project("{FAE04EC0-301F-11D3-BF4B-00C04F79EFBC}") = "GameServer", "GameServer\GameServer.csproj", "{C71527D1-FDBD-4DB8-BCDE-0AF57C850CD1}"
	ProjectSection(ProjectDependencies) = postProject
		{95CB134D-F31D-4EEC-B97D-E6622B7E422B} = {95CB134D-F31D-4EEC-B97D-E6622B7E422B}
		{ACE09F87-DB25-48EE-88F2-5ABF5255223D} = {ACE09F87-DB25-48EE-88F2-5ABF5255223D}
	EndProjectSection
EndProject
Project("{FAE04EC0-301F-11D3-BF4B-00C04F79EFBC}") = "LPTC", "Potocol\LPTC.csproj", "{ACE09F87-DB25-48EE-88F2-5ABF5255223D}"
EndProject
Project("{FAE04EC0-301F-11D3-BF4B-00C04F79EFBC}") = "LPTCTool", "LPTCTool\LPTCTool.csproj", "{B35159DE-EA4D-4863-8125-8B6318453326}"
EndProject
Project("{FAE04EC0-301F-11D3-BF4B-00C04F79EFBC}") = "LUDP", "LUdp\LUDP.csproj", "{95CB134D-F31D-4EEC-B97D-E6622B7E422B}"
	ProjectSection(ProjectDependencies) = postProject
		{ACE09F87-DB25-48EE-88F2-5ABF5255223D} = {ACE09F87-DB25-48EE-88F2-5ABF5255223D}
	EndProjectSection
EndProject
Global
	GlobalSection(SolutionConfigurationPlatforms) = preSolution
		Debug|Any CPU = Debug|Any CPU
		Release|Any CPU = Release|Any CPU
	EndGlobalSection
	GlobalSection(ProjectConfigurationPlatforms) = postSolution
		{C71527D1-FDBD-4DB8-BCDE-0AF57C850CD1}.Debug|Any CPU.ActiveCfg = Debug|Any CPU
		{C71527D1-FDBD-4DB8-BCDE-0AF57C850CD1}.Debug|Any CPU.Build.0 = Debug|Any CPU
		{C71527D1-FDBD-4DB8-BCDE-0AF57C850CD1}.Release|Any CPU.ActiveCfg = Release|Any CPU
		{C71527D1-FDBD-4DB8-BCDE-0AF57C850CD1}.Release|Any CPU.Build.0 = Release|Any CPU
		{ACE09F87-DB25-48EE-88F2-5ABF5255223D}.Debug|Any CPU.ActiveCfg = Release|Any CPU
		{ACE09F87-DB25-48EE-88F2-5ABF5255223D}.Debug|Any CPU.Build.0 = Release|Any CPU
		{ACE09F87-DB25-48EE-88F2-5ABF5255223D}.Release|Any CPU.ActiveCfg = Release|Any CPU
		{ACE09F87-DB25-48EE-88F2-5ABF5255223D}.Release|Any CPU.Build.0 = Release|Any CPU
		{B35159DE-EA4D-4863-8125-8B6318453326}.Debug|Any CPU.ActiveCfg = Debug|Any CPU
		{B35159DE-EA4D-4863-8125-8B6318453326}.Debug|Any CPU.Build.0 = Debug|Any CPU
		{B35159DE-EA4D-4863-8125-8B6318453326}.Release|Any CPU.ActiveCfg = Release|Any CPU
		{B35159DE-EA4D-4863-8125-8B6318453326}.Release|Any CPU.Build.0 = Release|Any CPU
		{95CB134D-F31D-4EEC-B97D-E6622B7E422B}.Debug|Any CPU.ActiveCfg = Release|Any CPU
		{95CB134D-F31D-4EEC-B97D-E6622B7E422B}.Debug|Any CPU.Build.0 = Release|Any CPU
		{95CB134D-F31D-4EEC-B97D-E6622B7E422B}.Release|Any CPU.ActiveCfg = Release|Any CPU
		{95CB134D-F31D-4EEC-B97D-E6622B7E422B}.Release|Any CPU.Build.0 = Release|Any CPU
	EndGlobalSection
	GlobalSection(SolutionProperties) = preSolution
		HideSolutionNode = FALSE
	EndGlobalSection
	GlobalSection(ExtensibilityGlobals) = postSolution
		SolutionGuid = {9A3CE485-9206-4A68-B4F2-0EF4D68CC5CB}
	EndGlobalSection
EndGlobal
